
Microsoft Visual Studio Solution File, Format Version 12.00
# Visual Studio Version 16
VisualStudioVersion = 16.0.30128.74
MinimumVisualStudioVersion = 10.0.40219.1
Project("{9A19103F-16F7-4668-BE54-9A1E7A4F7556}") = "Rent.Program", "BPROF_HQ8HSE_MVC\Rent.Program.csproj", "{E46D6891-75E8-49A9-9DE7-B645C170B7CB}"
EndProject
Project("{9A19103F-16F7-4668-BE54-9A1E7A4F7556}") = "Rent.Data", "Rental.Data\Rent.Data.csproj", "{DC7A8BE8-C61D-45AB-8A30-39D6A28A880C}"
EndProject
Project("{FAE04EC0-301F-11D3-BF4B-00C04F79EFBC}") = "Rent.Repository", "Rent.Repository\Rent.Repository.csproj", "{B8B86A38-7621-4261-8988-DFEC1FA6D4C8}"
EndProject
Project("{FAE04EC0-301F-11D3-BF4B-00C04F79EFBC}") = "Rent.Logic", "Rent.Logic\Rent.Logic.csproj", "{2E0D3AA7-F867-4251-8ADF-23B7D6027F63}"
EndProject
Project("{FAE04EC0-301F-11D3-BF4B-00C04F79EFBC}") = "Rent.Logic.Test", "Rent.Logic.Test\Rent.Logic.Test.csproj", "{DC1765E1-3DB6-4937-8193-DB8442CB978A}"
EndProject
Global
	GlobalSection(SolutionConfigurationPlatforms) = preSolution
		Debug|Any CPU = Debug|Any CPU
		Release|Any CPU = Release|Any CPU
	EndGlobalSection
	GlobalSection(ProjectConfigurationPlatforms) = postSolution
		{E46D6891-75E8-49A9-9DE7-B645C170B7CB}.Debug|Any CPU.ActiveCfg = Debug|Any CPU
		{E46D6891-75E8-49A9-9DE7-B645C170B7CB}.Debug|Any CPU.Build.0 = Debug|Any CPU
		{E46D6891-75E8-49A9-9DE7-B645C170B7CB}.Release|Any CPU.ActiveCfg = Release|Any CPU
		{E46D6891-75E8-49A9-9DE7-B645C170B7CB}.Release|Any CPU.Build.0 = Release|Any CPU
		{DC7A8BE8-C61D-45AB-8A30-39D6A28A880C}.Debug|Any CPU.ActiveCfg = Debug|Any CPU
		{DC7A8BE8-C61D-45AB-8A30-39D6A28A880C}.Debug|Any CPU.Build.0 = Debug|Any CPU
		{DC7A8BE8-C61D-45AB-8A30-39D6A28A880C}.Release|Any CPU.ActiveCfg = Release|Any CPU
		{DC7A8BE8-C61D-45AB-8A30-39D6A28A880C}.Release|Any CPU.Build.0 = Release|Any CPU
		{B8B86A38-7621-4261-8988-DFEC1FA6D4C8}.Debug|Any CPU.ActiveCfg = Debug|Any CPU
		{B8B86A38-7621-4261-8988-DFEC1FA6D4C8}.Debug|Any CPU.Build.0 = Debug|Any CPU
		{B8B86A38-7621-4261-8988-DFEC1FA6D4C8}.Release|Any CPU.ActiveCfg = Release|Any CPU
		{B8B86A38-7621-4261-8988-DFEC1FA6D4C8}.Release|Any CPU.Build.0 = Release|Any CPU
		{2E0D3AA7-F867-4251-8ADF-23B7D6027F63}.Debug|Any CPU.ActiveCfg = Debug|Any CPU
		{2E0D3AA7-F867-4251-8ADF-23B7D6027F63}.Debug|Any CPU.Build.0 = Debug|Any CPU
		{2E0D3AA7-F867-4251-8ADF-23B7D6027F63}.Release|Any CPU.ActiveCfg = Release|Any CPU
		{2E0D3AA7-F867-4251-8ADF-23B7D6027F63}.Release|Any CPU.Build.0 = Release|Any CPU
		{DC1765E1-3DB6-4937-8193-DB8442CB978A}.Debug|Any CPU.ActiveCfg = Debug|Any CPU
		{DC1765E1-3DB6-4937-8193-DB8442CB978A}.Debug|Any CPU.Build.0 = Debug|Any CPU
		{DC1765E1-3DB6-4937-8193-DB8442CB978A}.Release|Any CPU.ActiveCfg = Release|Any CPU
		{DC1765E1-3DB6-4937-8193-DB8442CB978A}.Release|Any CPU.Build.0 = Release|Any CPU
	EndGlobalSection
	GlobalSection(SolutionProperties) = preSolution
		HideSolutionNode = FALSE
	EndGlobalSection
	GlobalSection(ExtensibilityGlobals) = postSolution
		SolutionGuid = {75981D32-3D12-4FBD-9607-1992D16BE295}
	EndGlobalSection
EndGlobal
